
Microsoft Visual Studio Solution File, Format Version 12.00
# Visual Studio Version 16
VisualStudioVersion = 16.0.30413.136
MinimumVisualStudioVersion = 10.0.40219.1
Project("{9A19103F-16F7-4668-BE54-9A1E7A4F7556}") = "Laba1", "Laba1\Laba1.csproj", "{C408631B-77F5-4E87-AD34-DF2855C56675}"
EndProject
Project("{9A19103F-16F7-4668-BE54-9A1E7A4F7556}") = "Laba2", "Laba2\Laba2.csproj", "{82F55178-183A-4C46-AE60-3BD2C02D5693}"
EndProject
Project("{9A19103F-16F7-4668-BE54-9A1E7A4F7556}") = "Laba3", "Laba3\Laba3.csproj", "{4AD1B3C5-F73D-40BD-AADA-9214DA66131B}"
EndProject
Project("{FAE04EC0-301F-11D3-BF4B-00C04F79EFBC}") = "Laba4", "Laba4\Laba4.csproj", "{0B83FC4F-6417-4351-8E3C-BC4F7FDD4CDD}"
EndProject
Global
	GlobalSection(SolutionConfigurationPlatforms) = preSolution
		Debug|Any CPU = Debug|Any CPU
		Release|Any CPU = Release|Any CPU
	EndGlobalSection
	GlobalSection(ProjectConfigurationPlatforms) = postSolution
		{C408631B-77F5-4E87-AD34-DF2855C56675}.Debug|Any CPU.ActiveCfg = Debug|Any CPU
		{C408631B-77F5-4E87-AD34-DF2855C56675}.Debug|Any CPU.Build.0 = Debug|Any CPU
		{C408631B-77F5-4E87-AD34-DF2855C56675}.Release|Any CPU.ActiveCfg = Release|Any CPU
		{C408631B-77F5-4E87-AD34-DF2855C56675}.Release|Any CPU.Build.0 = Release|Any CPU
		{82F55178-183A-4C46-AE60-3BD2C02D5693}.Debug|Any CPU.ActiveCfg = Debug|Any CPU
		{82F55178-183A-4C46-AE60-3BD2C02D5693}.Debug|Any CPU.Build.0 = Debug|Any CPU
		{82F55178-183A-4C46-AE60-3BD2C02D5693}.Release|Any CPU.ActiveCfg = Release|Any CPU
		{82F55178-183A-4C46-AE60-3BD2C02D5693}.Release|Any CPU.Build.0 = Release|Any CPU
		{4AD1B3C5-F73D-40BD-AADA-9214DA66131B}.Debug|Any CPU.ActiveCfg = Debug|Any CPU
		{4AD1B3C5-F73D-40BD-AADA-9214DA66131B}.Debug|Any CPU.Build.0 = Debug|Any CPU
		{4AD1B3C5-F73D-40BD-AADA-9214DA66131B}.Release|Any CPU.ActiveCfg = Release|Any CPU
		{4AD1B3C5-F73D-40BD-AADA-9214DA66131B}.Release|Any CPU.Build.0 = Release|Any CPU
		{0B83FC4F-6417-4351-8E3C-BC4F7FDD4CDD}.Debug|Any CPU.ActiveCfg = Debug|Any CPU
		{0B83FC4F-6417-4351-8E3C-BC4F7FDD4CDD}.Debug|Any CPU.Build.0 = Debug|Any CPU
		{0B83FC4F-6417-4351-8E3C-BC4F7FDD4CDD}.Release|Any CPU.ActiveCfg = Release|Any CPU
		{0B83FC4F-6417-4351-8E3C-BC4F7FDD4CDD}.Release|Any CPU.Build.0 = Release|Any CPU
	EndGlobalSection
	GlobalSection(SolutionProperties) = preSolution
		HideSolutionNode = FALSE
	EndGlobalSection
	GlobalSection(ExtensibilityGlobals) = postSolution
		SolutionGuid = {9B0AAAAE-A6C2-4F28-A762-4897555640D4}
	EndGlobalSection
EndGlobal
