
Microsoft Visual Studio Solution File, Format Version 12.00
# Visual Studio Version 16
VisualStudioVersion = 16.0.30413.136
MinimumVisualStudioVersion = 10.0.40219.1
Project("{9A19103F-16F7-4668-BE54-9A1E7A4F7556}") = "Laba1", "Laba1\Laba1.csproj", "{C408631B-77F5-4E87-AD34-DF2855C56675}"
EndProject
Project("{9A19103F-16F7-4668-BE54-9A1E7A4F7556}") = "Laba2", "Laba2\Laba2.csproj", "{82F55178-183A-4C46-AE60-3BD2C02D5693}"
EndProject
Project("{9A19103F-16F7-4668-BE54-9A1E7A4F7556}") = "Laba3", "Laba3\Laba3.csproj", "{4AD1B3C5-F73D-40BD-AADA-9214DA66131B}"
EndProject
Project("{9A19103F-16F7-4668-BE54-9A1E7A4F7556}") = "Laba4", "Laba4\Laba4.csproj", "{0B83FC4F-6417-4351-8E3C-BC4F7FDD4CDD}"
EndProject
Project("{9A19103F-16F7-4668-BE54-9A1E7A4F7556}") = "Laba5", "Laba5\Laba5.csproj", "{4005D751-1097-417D-A66C-6646599A9866}"
EndProject
Project("{9A19103F-16F7-4668-BE54-9A1E7A4F7556}") = "Laba6", "Laba6\Laba6.csproj", "{E79CB878-4B72-4212-B8A9-D4208B1550A8}"
EndProject
Project("{9A19103F-16F7-4668-BE54-9A1E7A4F7556}") = "Laba7", "Laba7\Laba7.csproj", "{E83528CE-8E00-4E59-AEE5-0C2B48BD8A10}"
EndProject
Project("{9A19103F-16F7-4668-BE54-9A1E7A4F7556}") = "Laba10", "Laba10\Laba10.csproj", "{BBB73D5A-9458-4FE2-9AA5-39082C3A06EC}"
EndProject
Project("{FAE04EC0-301F-11D3-BF4B-00C04F79EFBC}") = "Laba8_Framework", "Laba8_Framework\Laba8_Framework.csproj", "{EE4DE214-FC7B-4996-85B1-BA0B0D5B810D}"
	ProjectSection(ProjectDependencies) = postProject
		{C408631B-77F5-4E87-AD34-DF2855C56675} = {C408631B-77F5-4E87-AD34-DF2855C56675}
		{0B83FC4F-6417-4351-8E3C-BC4F7FDD4CDD} = {0B83FC4F-6417-4351-8E3C-BC4F7FDD4CDD}
		{4005D751-1097-417D-A66C-6646599A9866} = {4005D751-1097-417D-A66C-6646599A9866}
		{82F55178-183A-4C46-AE60-3BD2C02D5693} = {82F55178-183A-4C46-AE60-3BD2C02D5693}
		{E79CB878-4B72-4212-B8A9-D4208B1550A8} = {E79CB878-4B72-4212-B8A9-D4208B1550A8}
		{4AD1B3C5-F73D-40BD-AADA-9214DA66131B} = {4AD1B3C5-F73D-40BD-AADA-9214DA66131B}
		{E83528CE-8E00-4E59-AEE5-0C2B48BD8A10} = {E83528CE-8E00-4E59-AEE5-0C2B48BD8A10}
	EndProjectSection
EndProject
Project("{9A19103F-16F7-4668-BE54-9A1E7A4F7556}") = "Laba9", "Lab_Work_9\Laba9.csproj", "{164C3413-84DA-46E6-A949-4D7A9C0F8FBE}"
EndProject
Global
	GlobalSection(SolutionConfigurationPlatforms) = preSolution
		Debug|Any CPU = Debug|Any CPU
		Release|Any CPU = Release|Any CPU
	EndGlobalSection
	GlobalSection(ProjectConfigurationPlatforms) = postSolution
		{C408631B-77F5-4E87-AD34-DF2855C56675}.Debug|Any CPU.ActiveCfg = Debug|Any CPU
		{C408631B-77F5-4E87-AD34-DF2855C56675}.Debug|Any CPU.Build.0 = Debug|Any CPU
		{C408631B-77F5-4E87-AD34-DF2855C56675}.Release|Any CPU.ActiveCfg = Release|Any CPU
		{C408631B-77F5-4E87-AD34-DF2855C56675}.Release|Any CPU.Build.0 = Release|Any CPU
		{82F55178-183A-4C46-AE60-3BD2C02D5693}.Debug|Any CPU.ActiveCfg = Debug|Any CPU
		{82F55178-183A-4C46-AE60-3BD2C02D5693}.Debug|Any CPU.Build.0 = Debug|Any CPU
		{82F55178-183A-4C46-AE60-3BD2C02D5693}.Release|Any CPU.ActiveCfg = Release|Any CPU
		{82F55178-183A-4C46-AE60-3BD2C02D5693}.Release|Any CPU.Build.0 = Release|Any CPU
		{4AD1B3C5-F73D-40BD-AADA-9214DA66131B}.Debug|Any CPU.ActiveCfg = Debug|Any CPU
		{4AD1B3C5-F73D-40BD-AADA-9214DA66131B}.Debug|Any CPU.Build.0 = Debug|Any CPU
		{4AD1B3C5-F73D-40BD-AADA-9214DA66131B}.Release|Any CPU.ActiveCfg = Release|Any CPU
		{4AD1B3C5-F73D-40BD-AADA-9214DA66131B}.Release|Any CPU.Build.0 = Release|Any CPU
		{0B83FC4F-6417-4351-8E3C-BC4F7FDD4CDD}.Debug|Any CPU.ActiveCfg = Debug|Any CPU
		{0B83FC4F-6417-4351-8E3C-BC4F7FDD4CDD}.Debug|Any CPU.Build.0 = Debug|Any CPU
		{0B83FC4F-6417-4351-8E3C-BC4F7FDD4CDD}.Release|Any CPU.ActiveCfg = Release|Any CPU
		{0B83FC4F-6417-4351-8E3C-BC4F7FDD4CDD}.Release|Any CPU.Build.0 = Release|Any CPU
		{4005D751-1097-417D-A66C-6646599A9866}.Debug|Any CPU.ActiveCfg = Debug|Any CPU
		{4005D751-1097-417D-A66C-6646599A9866}.Debug|Any CPU.Build.0 = Debug|Any CPU
		{4005D751-1097-417D-A66C-6646599A9866}.Release|Any CPU.ActiveCfg = Release|Any CPU
		{4005D751-1097-417D-A66C-6646599A9866}.Release|Any CPU.Build.0 = Release|Any CPU
		{E79CB878-4B72-4212-B8A9-D4208B1550A8}.Debug|Any CPU.ActiveCfg = Debug|Any CPU
		{E79CB878-4B72-4212-B8A9-D4208B1550A8}.Debug|Any CPU.Build.0 = Debug|Any CPU
		{E79CB878-4B72-4212-B8A9-D4208B1550A8}.Release|Any CPU.ActiveCfg = Release|Any CPU
		{E79CB878-4B72-4212-B8A9-D4208B1550A8}.Release|Any CPU.Build.0 = Release|Any CPU
		{E83528CE-8E00-4E59-AEE5-0C2B48BD8A10}.Debug|Any CPU.ActiveCfg = Debug|Any CPU
		{E83528CE-8E00-4E59-AEE5-0C2B48BD8A10}.Debug|Any CPU.Build.0 = Debug|Any CPU
		{E83528CE-8E00-4E59-AEE5-0C2B48BD8A10}.Release|Any CPU.ActiveCfg = Release|Any CPU
		{E83528CE-8E00-4E59-AEE5-0C2B48BD8A10}.Release|Any CPU.Build.0 = Release|Any CPU
		{BBB73D5A-9458-4FE2-9AA5-39082C3A06EC}.Debug|Any CPU.ActiveCfg = Debug|Any CPU
		{BBB73D5A-9458-4FE2-9AA5-39082C3A06EC}.Debug|Any CPU.Build.0 = Debug|Any CPU
		{BBB73D5A-9458-4FE2-9AA5-39082C3A06EC}.Release|Any CPU.ActiveCfg = Release|Any CPU
		{BBB73D5A-9458-4FE2-9AA5-39082C3A06EC}.Release|Any CPU.Build.0 = Release|Any CPU
		{EE4DE214-FC7B-4996-85B1-BA0B0D5B810D}.Debug|Any CPU.ActiveCfg = Debug|Any CPU
		{EE4DE214-FC7B-4996-85B1-BA0B0D5B810D}.Debug|Any CPU.Build.0 = Debug|Any CPU
		{EE4DE214-FC7B-4996-85B1-BA0B0D5B810D}.Release|Any CPU.ActiveCfg = Release|Any CPU
		{EE4DE214-FC7B-4996-85B1-BA0B0D5B810D}.Release|Any CPU.Build.0 = Release|Any CPU
		{164C3413-84DA-46E6-A949-4D7A9C0F8FBE}.Debug|Any CPU.ActiveCfg = Debug|Any CPU
		{164C3413-84DA-46E6-A949-4D7A9C0F8FBE}.Debug|Any CPU.Build.0 = Debug|Any CPU
		{164C3413-84DA-46E6-A949-4D7A9C0F8FBE}.Release|Any CPU.ActiveCfg = Release|Any CPU
		{164C3413-84DA-46E6-A949-4D7A9C0F8FBE}.Release|Any CPU.Build.0 = Release|Any CPU
	EndGlobalSection
	GlobalSection(SolutionProperties) = preSolution
		HideSolutionNode = FALSE
	EndGlobalSection
	GlobalSection(ExtensibilityGlobals) = postSolution
		SolutionGuid = {9B0AAAAE-A6C2-4F28-A762-4897555640D4}
	EndGlobalSection
EndGlobal
