
Microsoft Visual Studio Solution File, Format Version 12.00
# Visual Studio Version 16
VisualStudioVersion = 16.0.30413.136
MinimumVisualStudioVersion = 10.0.40219.1
Project("{9A19103F-16F7-4668-BE54-9A1E7A4F7556}") = "Laba1", "Laba1\Laba1.csproj", "{C408631B-77F5-4E87-AD34-DF2855C56675}"
EndProject
Project("{9A19103F-16F7-4668-BE54-9A1E7A4F7556}") = "Laba2", "Laba2\Laba2.csproj", "{82F55178-183A-4C46-AE60-3BD2C02D5693}"
EndProject
Project("{9A19103F-16F7-4668-BE54-9A1E7A4F7556}") = "Laba3", "Laba3\Laba3.csproj", "{4AD1B3C5-F73D-40BD-AADA-9214DA66131B}"
EndProject
Project("{9A19103F-16F7-4668-BE54-9A1E7A4F7556}") = "Laba4", "Laba4\Laba4.csproj", "{0B83FC4F-6417-4351-8E3C-BC4F7FDD4CDD}"
EndProject
Project("{9A19103F-16F7-4668-BE54-9A1E7A4F7556}") = "Laba5", "Laba5\Laba5.csproj", "{4005D751-1097-417D-A66C-6646599A9866}"
EndProject
Project("{9A19103F-16F7-4668-BE54-9A1E7A4F7556}") = "Laba6", "Laba6\Laba6.csproj", "{E79CB878-4B72-4212-B8A9-D4208B1550A8}"
EndProject
Project("{9A19103F-16F7-4668-BE54-9A1E7A4F7556}") = "Laba7", "Laba7\Laba7.csproj", "{E83528CE-8E00-4E59-AEE5-0C2B48BD8A10}"
EndProject
Project("{9A19103F-16F7-4668-BE54-9A1E7A4F7556}") = "Laba10", "Laba10\Laba10.csproj", "{BBB73D5A-9458-4FE2-9AA5-39082C3A06EC}"
EndProject
Project("{FAE04EC0-301F-11D3-BF4B-00C04F79EFBC}") = "Laba8", "Laba8\Laba8.csproj", "{C207917E-2648-4412-A0A5-310441E12EB2}"
EndProject
Project("{9A19103F-16F7-4668-BE54-9A1E7A4F7556}") = "Laba9", "Laba9\Laba9.csproj", "{660177D9-E559-4DBE-A700-6B707CB65D47}"
EndProject
Project("{FAE04EC0-301F-11D3-BF4B-00C04F79EFBC}") = "Laba11", "Labа11\Laba11.csproj", "{B6C6CA5D-67BE-4684-95F3-6414321DCDE9}"
EndProject
Project("{FAE04EC0-301F-11D3-BF4B-00C04F79EFBC}") = "Laba12", "Laba12\Laba12.csproj", "{455BF74F-F95C-4AAF-872F-54E4789B0D55}"
EndProject
Project("{FAE04EC0-301F-11D3-BF4B-00C04F79EFBC}") = "Laba13", "Laba13\Laba13.csproj", "{2D5725E1-C574-49A6-8B42-594EC48F8E58}"
EndProject
Global
	GlobalSection(SolutionConfigurationPlatforms) = preSolution
		Debug|Any CPU = Debug|Any CPU
		Release|Any CPU = Release|Any CPU
	EndGlobalSection
	GlobalSection(ProjectConfigurationPlatforms) = postSolution
		{C408631B-77F5-4E87-AD34-DF2855C56675}.Debug|Any CPU.ActiveCfg = Debug|Any CPU
		{C408631B-77F5-4E87-AD34-DF2855C56675}.Debug|Any CPU.Build.0 = Debug|Any CPU
		{C408631B-77F5-4E87-AD34-DF2855C56675}.Release|Any CPU.ActiveCfg = Release|Any CPU
		{C408631B-77F5-4E87-AD34-DF2855C56675}.Release|Any CPU.Build.0 = Release|Any CPU
		{82F55178-183A-4C46-AE60-3BD2C02D5693}.Debug|Any CPU.ActiveCfg = Debug|Any CPU
		{82F55178-183A-4C46-AE60-3BD2C02D5693}.Debug|Any CPU.Build.0 = Debug|Any CPU
		{82F55178-183A-4C46-AE60-3BD2C02D5693}.Release|Any CPU.ActiveCfg = Release|Any CPU
		{82F55178-183A-4C46-AE60-3BD2C02D5693}.Release|Any CPU.Build.0 = Release|Any CPU
		{4AD1B3C5-F73D-40BD-AADA-9214DA66131B}.Debug|Any CPU.ActiveCfg = Debug|Any CPU
		{4AD1B3C5-F73D-40BD-AADA-9214DA66131B}.Debug|Any CPU.Build.0 = Debug|Any CPU
		{4AD1B3C5-F73D-40BD-AADA-9214DA66131B}.Release|Any CPU.ActiveCfg = Release|Any CPU
		{4AD1B3C5-F73D-40BD-AADA-9214DA66131B}.Release|Any CPU.Build.0 = Release|Any CPU
		{0B83FC4F-6417-4351-8E3C-BC4F7FDD4CDD}.Debug|Any CPU.ActiveCfg = Debug|Any CPU
		{0B83FC4F-6417-4351-8E3C-BC4F7FDD4CDD}.Debug|Any CPU.Build.0 = Debug|Any CPU
		{0B83FC4F-6417-4351-8E3C-BC4F7FDD4CDD}.Release|Any CPU.ActiveCfg = Release|Any CPU
		{0B83FC4F-6417-4351-8E3C-BC4F7FDD4CDD}.Release|Any CPU.Build.0 = Release|Any CPU
		{4005D751-1097-417D-A66C-6646599A9866}.Debug|Any CPU.ActiveCfg = Debug|Any CPU
		{4005D751-1097-417D-A66C-6646599A9866}.Debug|Any CPU.Build.0 = Debug|Any CPU
		{4005D751-1097-417D-A66C-6646599A9866}.Release|Any CPU.ActiveCfg = Release|Any CPU
		{4005D751-1097-417D-A66C-6646599A9866}.Release|Any CPU.Build.0 = Release|Any CPU
		{E79CB878-4B72-4212-B8A9-D4208B1550A8}.Debug|Any CPU.ActiveCfg = Debug|Any CPU
		{E79CB878-4B72-4212-B8A9-D4208B1550A8}.Debug|Any CPU.Build.0 = Debug|Any CPU
		{E79CB878-4B72-4212-B8A9-D4208B1550A8}.Release|Any CPU.ActiveCfg = Release|Any CPU
		{E79CB878-4B72-4212-B8A9-D4208B1550A8}.Release|Any CPU.Build.0 = Release|Any CPU
		{E83528CE-8E00-4E59-AEE5-0C2B48BD8A10}.Debug|Any CPU.ActiveCfg = Debug|Any CPU
		{E83528CE-8E00-4E59-AEE5-0C2B48BD8A10}.Debug|Any CPU.Build.0 = Debug|Any CPU
		{E83528CE-8E00-4E59-AEE5-0C2B48BD8A10}.Release|Any CPU.ActiveCfg = Release|Any CPU
		{E83528CE-8E00-4E59-AEE5-0C2B48BD8A10}.Release|Any CPU.Build.0 = Release|Any CPU
		{BBB73D5A-9458-4FE2-9AA5-39082C3A06EC}.Debug|Any CPU.ActiveCfg = Debug|Any CPU
		{BBB73D5A-9458-4FE2-9AA5-39082C3A06EC}.Debug|Any CPU.Build.0 = Debug|Any CPU
		{BBB73D5A-9458-4FE2-9AA5-39082C3A06EC}.Release|Any CPU.ActiveCfg = Release|Any CPU
		{BBB73D5A-9458-4FE2-9AA5-39082C3A06EC}.Release|Any CPU.Build.0 = Release|Any CPU
		{C207917E-2648-4412-A0A5-310441E12EB2}.Debug|Any CPU.ActiveCfg = Debug|Any CPU
		{C207917E-2648-4412-A0A5-310441E12EB2}.Debug|Any CPU.Build.0 = Debug|Any CPU
		{C207917E-2648-4412-A0A5-310441E12EB2}.Release|Any CPU.ActiveCfg = Release|Any CPU
		{C207917E-2648-4412-A0A5-310441E12EB2}.Release|Any CPU.Build.0 = Release|Any CPU
		{660177D9-E559-4DBE-A700-6B707CB65D47}.Debug|Any CPU.ActiveCfg = Debug|Any CPU
		{660177D9-E559-4DBE-A700-6B707CB65D47}.Debug|Any CPU.Build.0 = Debug|Any CPU
		{660177D9-E559-4DBE-A700-6B707CB65D47}.Release|Any CPU.ActiveCfg = Release|Any CPU
		{660177D9-E559-4DBE-A700-6B707CB65D47}.Release|Any CPU.Build.0 = Release|Any CPU
		{B6C6CA5D-67BE-4684-95F3-6414321DCDE9}.Debug|Any CPU.ActiveCfg = Debug|Any CPU
		{B6C6CA5D-67BE-4684-95F3-6414321DCDE9}.Debug|Any CPU.Build.0 = Debug|Any CPU
		{B6C6CA5D-67BE-4684-95F3-6414321DCDE9}.Release|Any CPU.ActiveCfg = Release|Any CPU
		{B6C6CA5D-67BE-4684-95F3-6414321DCDE9}.Release|Any CPU.Build.0 = Release|Any CPU
		{455BF74F-F95C-4AAF-872F-54E4789B0D55}.Debug|Any CPU.ActiveCfg = Debug|Any CPU
		{455BF74F-F95C-4AAF-872F-54E4789B0D55}.Debug|Any CPU.Build.0 = Debug|Any CPU
		{455BF74F-F95C-4AAF-872F-54E4789B0D55}.Release|Any CPU.ActiveCfg = Release|Any CPU
		{455BF74F-F95C-4AAF-872F-54E4789B0D55}.Release|Any CPU.Build.0 = Release|Any CPU
		{2D5725E1-C574-49A6-8B42-594EC48F8E58}.Debug|Any CPU.ActiveCfg = Debug|Any CPU
		{2D5725E1-C574-49A6-8B42-594EC48F8E58}.Debug|Any CPU.Build.0 = Debug|Any CPU
		{2D5725E1-C574-49A6-8B42-594EC48F8E58}.Release|Any CPU.ActiveCfg = Release|Any CPU
		{2D5725E1-C574-49A6-8B42-594EC48F8E58}.Release|Any CPU.Build.0 = Release|Any CPU
	EndGlobalSection
	GlobalSection(SolutionProperties) = preSolution
		HideSolutionNode = FALSE
	EndGlobalSection
	GlobalSection(ExtensibilityGlobals) = postSolution
		SolutionGuid = {9B0AAAAE-A6C2-4F28-A762-4897555640D4}
	EndGlobalSection
EndGlobal
